
Microsoft Visual Studio Solution File, Format Version 12.00
# Visual Studio Version 16
VisualStudioVersion = 16.0.29806.167
MinimumVisualStudioVersion = 10.0.40219.1
Project("{FAE04EC0-301F-11D3-BF4B-00C04F79EFBC}") = "Biblioteca", "Biblioteca.csproj", "{490BDC42-5C79-460A-BB11-5A7954FAF063}"
EndProject
Project("{FAE04EC0-301F-11D3-BF4B-00C04F79EFBC}") = "LibrarieModele", "..\LibrarieModele\LibrarieModele.csproj", "{C54C74A8-AF18-4CCE-AB7E-B5EDBC180E04}"
EndProject
Project("{FAE04EC0-301F-11D3-BF4B-00C04F79EFBC}") = "NivelAccesDate2", "..\NivelAccesDate2\NivelAccesDate2.csproj", "{A28F739C-0818-4107-B054-745EA255FC40}"
EndProject
Project("{FAE04EC0-301F-11D3-BF4B-00C04F79EFBC}") = "NivelAccesDate1", "..\NivelAccesDate1\NivelAccesDate1.csproj", "{6D687A07-052B-490F-9E79-B709235C0FF6}"
EndProject
Project("{FAE04EC0-301F-11D3-BF4B-00C04F79EFBC}") = "Biblioteca-Form", "..\Biblioteca-Form\Biblioteca-Form.csproj", "{3A16479C-58CB-4395-8918-03BC79517FFD}"
EndProject
Global
	GlobalSection(SolutionConfigurationPlatforms) = preSolution
		Debug|Any CPU = Debug|Any CPU
		Release|Any CPU = Release|Any CPU
	EndGlobalSection
	GlobalSection(ProjectConfigurationPlatforms) = postSolution
		{490BDC42-5C79-460A-BB11-5A7954FAF063}.Debug|Any CPU.ActiveCfg = Debug|Any CPU
		{490BDC42-5C79-460A-BB11-5A7954FAF063}.Debug|Any CPU.Build.0 = Debug|Any CPU
		{490BDC42-5C79-460A-BB11-5A7954FAF063}.Release|Any CPU.ActiveCfg = Release|Any CPU
		{490BDC42-5C79-460A-BB11-5A7954FAF063}.Release|Any CPU.Build.0 = Release|Any CPU
		{C54C74A8-AF18-4CCE-AB7E-B5EDBC180E04}.Debug|Any CPU.ActiveCfg = Debug|Any CPU
		{C54C74A8-AF18-4CCE-AB7E-B5EDBC180E04}.Debug|Any CPU.Build.0 = Debug|Any CPU
		{C54C74A8-AF18-4CCE-AB7E-B5EDBC180E04}.Release|Any CPU.ActiveCfg = Release|Any CPU
		{C54C74A8-AF18-4CCE-AB7E-B5EDBC180E04}.Release|Any CPU.Build.0 = Release|Any CPU
		{A28F739C-0818-4107-B054-745EA255FC40}.Debug|Any CPU.ActiveCfg = Debug|Any CPU
		{A28F739C-0818-4107-B054-745EA255FC40}.Debug|Any CPU.Build.0 = Debug|Any CPU
		{A28F739C-0818-4107-B054-745EA255FC40}.Release|Any CPU.ActiveCfg = Release|Any CPU
		{A28F739C-0818-4107-B054-745EA255FC40}.Release|Any CPU.Build.0 = Release|Any CPU
		{6D687A07-052B-490F-9E79-B709235C0FF6}.Debug|Any CPU.ActiveCfg = Debug|Any CPU
		{6D687A07-052B-490F-9E79-B709235C0FF6}.Debug|Any CPU.Build.0 = Debug|Any CPU
		{6D687A07-052B-490F-9E79-B709235C0FF6}.Release|Any CPU.ActiveCfg = Release|Any CPU
		{6D687A07-052B-490F-9E79-B709235C0FF6}.Release|Any CPU.Build.0 = Release|Any CPU
		{3A16479C-58CB-4395-8918-03BC79517FFD}.Debug|Any CPU.ActiveCfg = Debug|Any CPU
		{3A16479C-58CB-4395-8918-03BC79517FFD}.Debug|Any CPU.Build.0 = Debug|Any CPU
		{3A16479C-58CB-4395-8918-03BC79517FFD}.Release|Any CPU.ActiveCfg = Release|Any CPU
		{3A16479C-58CB-4395-8918-03BC79517FFD}.Release|Any CPU.Build.0 = Release|Any CPU
	EndGlobalSection
	GlobalSection(SolutionProperties) = preSolution
		HideSolutionNode = FALSE
	EndGlobalSection
	GlobalSection(ExtensibilityGlobals) = postSolution
		SolutionGuid = {A4C9EF68-91D9-459B-84B6-487850760B14}
	EndGlobalSection
EndGlobal
